
Microsoft Visual Studio Solution File, Format Version 12.00
# Visual Studio Version 16
VisualStudioVersion = 16.0.34601.136
MinimumVisualStudioVersion = 10.0.40219.1
Project("{F184B08F-C81C-45F6-A57F-5ABD9991F28F}") = "WebService", "WebService\WebService.vbproj", "{326150F5-D231-4A5E-BF09-36B763125CC2}"
EndProject
Global
	GlobalSection(SolutionConfigurationPlatforms) = preSolution
		Debug|Any CPU = Debug|Any CPU
		Release|Any CPU = Release|Any CPU
	EndGlobalSection
	GlobalSection(ProjectConfigurationPlatforms) = postSolution
		{326150F5-D231-4A5E-BF09-36B763125CC2}.Debug|Any CPU.ActiveCfg = Debug|Any CPU
		{326150F5-D231-4A5E-BF09-36B763125CC2}.Debug|Any CPU.Build.0 = Debug|Any CPU
		{326150F5-D231-4A5E-BF09-36B763125CC2}.Release|Any CPU.ActiveCfg = Release|Any CPU
		{326150F5-D231-4A5E-BF09-36B763125CC2}.Release|Any CPU.Build.0 = Release|Any CPU
	EndGlobalSection
	GlobalSection(SolutionProperties) = preSolution
		HideSolutionNode = FALSE
	EndGlobalSection
	GlobalSection(ExtensibilityGlobals) = postSolution
		SolutionGuid = {71ADDAD3-6540-46B3-9647-1ED9DF8C8FED}
	EndGlobalSection
EndGlobal
